
Microsoft Visual Studio Solution File, Format Version 12.00
# Visual Studio Version 16
VisualStudioVersion = 16.0.29609.76
MinimumVisualStudioVersion = 15.0.26124.0
Project("{9A19103F-16F7-4668-BE54-9A1E7A4F7556}") = "ORM.web", "ORM.web\ORM.web.csproj", "{0F5B9356-F536-4414-ADCC-C654E88149D5}"
EndProject
Project("{FAE04EC0-301F-11D3-BF4B-00C04F79EFBC}") = "ORM.data", "ORM.data\ORM.data.csproj", "{9F25C4DD-0C4B-49DD-8A1B-44A57650CADB}"
EndProject
Global
	GlobalSection(SolutionConfigurationPlatforms) = preSolution
		Debug|Any CPU = Debug|Any CPU
		Debug|x64 = Debug|x64
		Debug|x86 = Debug|x86
		Release|Any CPU = Release|Any CPU
		Release|x64 = Release|x64
		Release|x86 = Release|x86
	EndGlobalSection
	GlobalSection(ProjectConfigurationPlatforms) = postSolution
		{0F5B9356-F536-4414-ADCC-C654E88149D5}.Debug|Any CPU.ActiveCfg = Debug|Any CPU
		{0F5B9356-F536-4414-ADCC-C654E88149D5}.Debug|Any CPU.Build.0 = Debug|Any CPU
		{0F5B9356-F536-4414-ADCC-C654E88149D5}.Debug|x64.ActiveCfg = Debug|Any CPU
		{0F5B9356-F536-4414-ADCC-C654E88149D5}.Debug|x64.Build.0 = Debug|Any CPU
		{0F5B9356-F536-4414-ADCC-C654E88149D5}.Debug|x86.ActiveCfg = Debug|Any CPU
		{0F5B9356-F536-4414-ADCC-C654E88149D5}.Debug|x86.Build.0 = Debug|Any CPU
		{0F5B9356-F536-4414-ADCC-C654E88149D5}.Release|Any CPU.ActiveCfg = Release|Any CPU
		{0F5B9356-F536-4414-ADCC-C654E88149D5}.Release|Any CPU.Build.0 = Release|Any CPU
		{0F5B9356-F536-4414-ADCC-C654E88149D5}.Release|x64.ActiveCfg = Release|Any CPU
		{0F5B9356-F536-4414-ADCC-C654E88149D5}.Release|x64.Build.0 = Release|Any CPU
		{0F5B9356-F536-4414-ADCC-C654E88149D5}.Release|x86.ActiveCfg = Release|Any CPU
		{0F5B9356-F536-4414-ADCC-C654E88149D5}.Release|x86.Build.0 = Release|Any CPU
		{9F25C4DD-0C4B-49DD-8A1B-44A57650CADB}.Debug|Any CPU.ActiveCfg = Debug|Any CPU
		{9F25C4DD-0C4B-49DD-8A1B-44A57650CADB}.Debug|Any CPU.Build.0 = Debug|Any CPU
		{9F25C4DD-0C4B-49DD-8A1B-44A57650CADB}.Debug|x64.ActiveCfg = Debug|Any CPU
		{9F25C4DD-0C4B-49DD-8A1B-44A57650CADB}.Debug|x64.Build.0 = Debug|Any CPU
		{9F25C4DD-0C4B-49DD-8A1B-44A57650CADB}.Debug|x86.ActiveCfg = Debug|Any CPU
		{9F25C4DD-0C4B-49DD-8A1B-44A57650CADB}.Debug|x86.Build.0 = Debug|Any CPU
		{9F25C4DD-0C4B-49DD-8A1B-44A57650CADB}.Release|Any CPU.ActiveCfg = Release|Any CPU
		{9F25C4DD-0C4B-49DD-8A1B-44A57650CADB}.Release|Any CPU.Build.0 = Release|Any CPU
		{9F25C4DD-0C4B-49DD-8A1B-44A57650CADB}.Release|x64.ActiveCfg = Release|Any CPU
		{9F25C4DD-0C4B-49DD-8A1B-44A57650CADB}.Release|x64.Build.0 = Release|Any CPU
		{9F25C4DD-0C4B-49DD-8A1B-44A57650CADB}.Release|x86.ActiveCfg = Release|Any CPU
		{9F25C4DD-0C4B-49DD-8A1B-44A57650CADB}.Release|x86.Build.0 = Release|Any CPU
	EndGlobalSection
	GlobalSection(SolutionProperties) = preSolution
		HideSolutionNode = FALSE
	EndGlobalSection
	GlobalSection(ExtensibilityGlobals) = postSolution
		SolutionGuid = {3347AE71-04F5-434D-9D60-C866EA8D8DC6}
	EndGlobalSection
EndGlobal
