
Microsoft Visual Studio Solution File, Format Version 12.00
# Visual Studio Version 16
VisualStudioVersion = 16.0.29609.76
MinimumVisualStudioVersion = 15.0.26124.0
Project("{9A19103F-16F7-4668-BE54-9A1E7A4F7556}") = "ORM.web", "ORM.web\ORM.web.csproj", "{0F5B9356-F536-4414-ADCC-C654E88149D5}"
EndProject
Project("{FAE04EC0-301F-11D3-BF4B-00C04F79EFBC}") = "ORM.repo", "ORM.repo\ORM.repo.csproj", "{5A0F0BF1-A852-4310-B08D-68EBE0DF703B}"
EndProject
Project("{FAE04EC0-301F-11D3-BF4B-00C04F79EFBC}") = "ORM.entity", "ORM.entity\ORM.entity.csproj", "{EF8E165E-4C04-4B81-9403-C9A17DC7ACD6}"
EndProject
Project("{FAE04EC0-301F-11D3-BF4B-00C04F79EFBC}") = "ORM.services", "ORM.services\ORM.services.csproj", "{12830FEB-ED5E-4074-A517-E336216165EF}"
EndProject
Global
	GlobalSection(SolutionConfigurationPlatforms) = preSolution
		Debug|Any CPU = Debug|Any CPU
		Debug|x64 = Debug|x64
		Debug|x86 = Debug|x86
		Release|Any CPU = Release|Any CPU
		Release|x64 = Release|x64
		Release|x86 = Release|x86
	EndGlobalSection
	GlobalSection(ProjectConfigurationPlatforms) = postSolution
		{0F5B9356-F536-4414-ADCC-C654E88149D5}.Debug|Any CPU.ActiveCfg = Debug|Any CPU
		{0F5B9356-F536-4414-ADCC-C654E88149D5}.Debug|Any CPU.Build.0 = Debug|Any CPU
		{0F5B9356-F536-4414-ADCC-C654E88149D5}.Debug|x64.ActiveCfg = Debug|Any CPU
		{0F5B9356-F536-4414-ADCC-C654E88149D5}.Debug|x64.Build.0 = Debug|Any CPU
		{0F5B9356-F536-4414-ADCC-C654E88149D5}.Debug|x86.ActiveCfg = Debug|Any CPU
		{0F5B9356-F536-4414-ADCC-C654E88149D5}.Debug|x86.Build.0 = Debug|Any CPU
		{0F5B9356-F536-4414-ADCC-C654E88149D5}.Release|Any CPU.ActiveCfg = Release|Any CPU
		{0F5B9356-F536-4414-ADCC-C654E88149D5}.Release|Any CPU.Build.0 = Release|Any CPU
		{0F5B9356-F536-4414-ADCC-C654E88149D5}.Release|x64.ActiveCfg = Release|Any CPU
		{0F5B9356-F536-4414-ADCC-C654E88149D5}.Release|x64.Build.0 = Release|Any CPU
		{0F5B9356-F536-4414-ADCC-C654E88149D5}.Release|x86.ActiveCfg = Release|Any CPU
		{0F5B9356-F536-4414-ADCC-C654E88149D5}.Release|x86.Build.0 = Release|Any CPU
		{5A0F0BF1-A852-4310-B08D-68EBE0DF703B}.Debug|Any CPU.ActiveCfg = Debug|Any CPU
		{5A0F0BF1-A852-4310-B08D-68EBE0DF703B}.Debug|Any CPU.Build.0 = Debug|Any CPU
		{5A0F0BF1-A852-4310-B08D-68EBE0DF703B}.Debug|x64.ActiveCfg = Debug|Any CPU
		{5A0F0BF1-A852-4310-B08D-68EBE0DF703B}.Debug|x64.Build.0 = Debug|Any CPU
		{5A0F0BF1-A852-4310-B08D-68EBE0DF703B}.Debug|x86.ActiveCfg = Debug|Any CPU
		{5A0F0BF1-A852-4310-B08D-68EBE0DF703B}.Debug|x86.Build.0 = Debug|Any CPU
		{5A0F0BF1-A852-4310-B08D-68EBE0DF703B}.Release|Any CPU.ActiveCfg = Release|Any CPU
		{5A0F0BF1-A852-4310-B08D-68EBE0DF703B}.Release|Any CPU.Build.0 = Release|Any CPU
		{5A0F0BF1-A852-4310-B08D-68EBE0DF703B}.Release|x64.ActiveCfg = Release|Any CPU
		{5A0F0BF1-A852-4310-B08D-68EBE0DF703B}.Release|x64.Build.0 = Release|Any CPU
		{5A0F0BF1-A852-4310-B08D-68EBE0DF703B}.Release|x86.ActiveCfg = Release|Any CPU
		{5A0F0BF1-A852-4310-B08D-68EBE0DF703B}.Release|x86.Build.0 = Release|Any CPU
		{EF8E165E-4C04-4B81-9403-C9A17DC7ACD6}.Debug|Any CPU.ActiveCfg = Debug|Any CPU
		{EF8E165E-4C04-4B81-9403-C9A17DC7ACD6}.Debug|Any CPU.Build.0 = Debug|Any CPU
		{EF8E165E-4C04-4B81-9403-C9A17DC7ACD6}.Debug|x64.ActiveCfg = Debug|Any CPU
		{EF8E165E-4C04-4B81-9403-C9A17DC7ACD6}.Debug|x64.Build.0 = Debug|Any CPU
		{EF8E165E-4C04-4B81-9403-C9A17DC7ACD6}.Debug|x86.ActiveCfg = Debug|Any CPU
		{EF8E165E-4C04-4B81-9403-C9A17DC7ACD6}.Debug|x86.Build.0 = Debug|Any CPU
		{EF8E165E-4C04-4B81-9403-C9A17DC7ACD6}.Release|Any CPU.ActiveCfg = Release|Any CPU
		{EF8E165E-4C04-4B81-9403-C9A17DC7ACD6}.Release|Any CPU.Build.0 = Release|Any CPU
		{EF8E165E-4C04-4B81-9403-C9A17DC7ACD6}.Release|x64.ActiveCfg = Release|Any CPU
		{EF8E165E-4C04-4B81-9403-C9A17DC7ACD6}.Release|x64.Build.0 = Release|Any CPU
		{EF8E165E-4C04-4B81-9403-C9A17DC7ACD6}.Release|x86.ActiveCfg = Release|Any CPU
		{EF8E165E-4C04-4B81-9403-C9A17DC7ACD6}.Release|x86.Build.0 = Release|Any CPU
		{12830FEB-ED5E-4074-A517-E336216165EF}.Debug|Any CPU.ActiveCfg = Debug|Any CPU
		{12830FEB-ED5E-4074-A517-E336216165EF}.Debug|Any CPU.Build.0 = Debug|Any CPU
		{12830FEB-ED5E-4074-A517-E336216165EF}.Debug|x64.ActiveCfg = Debug|Any CPU
		{12830FEB-ED5E-4074-A517-E336216165EF}.Debug|x64.Build.0 = Debug|Any CPU
		{12830FEB-ED5E-4074-A517-E336216165EF}.Debug|x86.ActiveCfg = Debug|Any CPU
		{12830FEB-ED5E-4074-A517-E336216165EF}.Debug|x86.Build.0 = Debug|Any CPU
		{12830FEB-ED5E-4074-A517-E336216165EF}.Release|Any CPU.ActiveCfg = Release|Any CPU
		{12830FEB-ED5E-4074-A517-E336216165EF}.Release|Any CPU.Build.0 = Release|Any CPU
		{12830FEB-ED5E-4074-A517-E336216165EF}.Release|x64.ActiveCfg = Release|Any CPU
		{12830FEB-ED5E-4074-A517-E336216165EF}.Release|x64.Build.0 = Release|Any CPU
		{12830FEB-ED5E-4074-A517-E336216165EF}.Release|x86.ActiveCfg = Release|Any CPU
		{12830FEB-ED5E-4074-A517-E336216165EF}.Release|x86.Build.0 = Release|Any CPU
	EndGlobalSection
	GlobalSection(SolutionProperties) = preSolution
		HideSolutionNode = FALSE
	EndGlobalSection
	GlobalSection(ExtensibilityGlobals) = postSolution
		SolutionGuid = {3347AE71-04F5-434D-9D60-C866EA8D8DC6}
	EndGlobalSection
EndGlobal
